
Microsoft Visual Studio Solution File, Format Version 12.00
# Visual Studio Version 17
VisualStudioVersion = 17.5.33627.172
MinimumVisualStudioVersion = 10.0.40219.1
Project("{FAE04EC0-301F-11D3-BF4B-00C04F79EFBC}") = "PromedioNotas", "PromedioNotas\PromedioNotas.csproj", "{1A8E6651-1E76-4F2A-B7E3-E2591603C80A}"
EndProject
Global
	GlobalSection(SolutionConfigurationPlatforms) = preSolution
		Debug|Any CPU = Debug|Any CPU
		Release|Any CPU = Release|Any CPU
	EndGlobalSection
	GlobalSection(ProjectConfigurationPlatforms) = postSolution
		{1A8E6651-1E76-4F2A-B7E3-E2591603C80A}.Debug|Any CPU.ActiveCfg = Debug|Any CPU
		{1A8E6651-1E76-4F2A-B7E3-E2591603C80A}.Debug|Any CPU.Build.0 = Debug|Any CPU
		{1A8E6651-1E76-4F2A-B7E3-E2591603C80A}.Release|Any CPU.ActiveCfg = Release|Any CPU
		{1A8E6651-1E76-4F2A-B7E3-E2591603C80A}.Release|Any CPU.Build.0 = Release|Any CPU
	EndGlobalSection
	GlobalSection(SolutionProperties) = preSolution
		HideSolutionNode = FALSE
	EndGlobalSection
	GlobalSection(ExtensibilityGlobals) = postSolution
		SolutionGuid = {F5B5F7C8-EDC7-4C02-966E-1300E32FBABE}
	EndGlobalSection
EndGlobal
